
Microsoft Visual Studio Solution File, Format Version 12.00
# Visual Studio 2012
Project("{FAE04EC0-301F-11D3-BF4B-00C04F79EFBC}") = "PinyinAnalyzer", "PinyinAnalyzer\PinyinAnalyzer.csproj", "{C5D4D26D-1EC1-46FD-9DCF-B3014C453012}"
EndProject
Project("{FAE04EC0-301F-11D3-BF4B-00C04F79EFBC}") = "ConsoleApp", "ConsoleApp\ConsoleApp.csproj", "{99236616-A9F0-4981-882B-6AA78D4DE9EC}"
EndProject
Project("{7636F913-4401-49EB-AC43-C0F75792145B}") = "UnitTest", "UnitTest\UnitTest.csproj", "{B6B9F426-C794-4686-BB33-25301C65291C}"
EndProject
Global
	GlobalSection(SolutionConfigurationPlatforms) = preSolution
		Debug|Any CPU = Debug|Any CPU
		Release|Any CPU = Release|Any CPU
	EndGlobalSection
	GlobalSection(ProjectConfigurationPlatforms) = postSolution
		{C5D4D26D-1EC1-46FD-9DCF-B3014C453012}.Debug|Any CPU.ActiveCfg = Debug|Any CPU
		{C5D4D26D-1EC1-46FD-9DCF-B3014C453012}.Debug|Any CPU.Build.0 = Debug|Any CPU
		{C5D4D26D-1EC1-46FD-9DCF-B3014C453012}.Release|Any CPU.ActiveCfg = Release|Any CPU
		{C5D4D26D-1EC1-46FD-9DCF-B3014C453012}.Release|Any CPU.Build.0 = Release|Any CPU
		{99236616-A9F0-4981-882B-6AA78D4DE9EC}.Debug|Any CPU.ActiveCfg = Debug|Any CPU
		{99236616-A9F0-4981-882B-6AA78D4DE9EC}.Debug|Any CPU.Build.0 = Debug|Any CPU
		{99236616-A9F0-4981-882B-6AA78D4DE9EC}.Release|Any CPU.ActiveCfg = Release|Any CPU
		{99236616-A9F0-4981-882B-6AA78D4DE9EC}.Release|Any CPU.Build.0 = Release|Any CPU
		{B6B9F426-C794-4686-BB33-25301C65291C}.Debug|Any CPU.ActiveCfg = Debug|Any CPU
		{B6B9F426-C794-4686-BB33-25301C65291C}.Debug|Any CPU.Build.0 = Debug|Any CPU
		{B6B9F426-C794-4686-BB33-25301C65291C}.Release|Any CPU.ActiveCfg = Release|Any CPU
		{B6B9F426-C794-4686-BB33-25301C65291C}.Release|Any CPU.Build.0 = Release|Any CPU
	EndGlobalSection
EndGlobal
